// !$*UTF8*$!
{
	archiveVersion = 1;
	classes = {
	};
	objectVersion = 56;
	objects = {

/* Begin PBXBuildFile section */
		6C05C4222BCD6EF100667A5F /* AppDelegate.swift in Sources */ = {isa = PBXBuildFile; fileRef = 6C05C4212BCD6EF100667A5F /* AppDelegate.swift */; };
		6C05C4242BCD6EF100667A5F /* SceneDelegate.swift in Sources */ = {isa = PBXBuildFile; fileRef = 6C05C4232BCD6EF100667A5F /* SceneDelegate.swift */; };
		6C05C4262BCD6EF100667A5F /* ViewController.swift in Sources */ = {isa = PBXBuildFile; fileRef = 6C05C4252BCD6EF100667A5F /* ViewController.swift */; };
		6C05C42B2BCD6EF200667A5F /* Assets.xcassets in Resources */ = {isa = PBXBuildFile; fileRef = 6C05C42A2BCD6EF200667A5F /* Assets.xcassets */; };
		6C05C42E2BCD6EF200667A5F /* Base in Resources */ = {isa = PBXBuildFile; fileRef = 6C05C42D2BCD6EF200667A5F /* Base */; };
		6C05C4392BCD6EF200667A5F /* SocialLoginComponentTests.swift in Sources */ = {isa = PBXBuildFile; fileRef = 6C05C4382BCD6EF200667A5F /* SocialLoginComponentTests.swift */; };
		6C05C4432BCD6EF200667A5F /* SocialLoginComponentUITests.swift in Sources */ = {isa = PBXBuildFile; fileRef = 6C05C4422BCD6EF200667A5F /* SocialLoginComponentUITests.swift */; };
		6C05C4452BCD6EF200667A5F /* SocialLoginComponentUITestsLaunchTests.swift in Sources */ = {isa = PBXBuildFile; fileRef = 6C05C4442BCD6EF200667A5F /* SocialLoginComponentUITestsLaunchTests.swift */; };
/* End PBXBuildFile section */

/* Begin PBXContainerItemProxy section */
		6C05C4352BCD6EF200667A5F /* PBXContainerItemProxy */ = {
			isa = PBXContainerItemProxy;
			containerPortal = 6C05C4162BCD6EF100667A5F /* Project object */;
			proxyType = 1;
			remoteGlobalIDString = 6C05C41D2BCD6EF100667A5F;
			remoteInfo = SocialLoginComponent;
		};
		6C05C43F2BCD6EF200667A5F /* PBXContainerItemProxy */ = {
			isa = PBXContainerItemProxy;
			containerPortal = 6C05C4162BCD6EF100667A5F /* Project object */;
			proxyType = 1;
			remoteGlobalIDString = 6C05C41D2BCD6EF100667A5F;
			remoteInfo = SocialLoginComponent;
		};
/* End PBXContainerItemProxy section */

/* Begin PBXFileReference section */
		6C05C41E2BCD6EF100667A5F /* SocialLoginComponent.app */ = {isa = PBXFileReference; explicitFileType = wrapper.application; includeInIndex = 0; path = SocialLoginComponent.app; sourceTree = BUILT_PRODUCTS_DIR; };
		6C05C4212BCD6EF100667A5F /* AppDelegate.swift */ = {isa = PBXFileReference; lastKnownFileType = sourcecode.swift; path = AppDelegate.swift; sourceTree = "<group>"; };
		6C05C4232BCD6EF100667A5F /* SceneDelegate.swift */ = {isa = PBXFileReference; lastKnownFileType = sourcecode.swift; path = SceneDelegate.swift; sourceTree = "<group>"; };
		6C05C4252BCD6EF100667A5F /* ViewController.swift */ = {isa = PBXFileReference; lastKnownFileType = sourcecode.swift; path = ViewController.swift; sourceTree = "<group>"; };
		6C05C42A2BCD6EF200667A5F /* Assets.xcassets */ = {isa = PBXFileReference; lastKnownFileType = folder.assetcatalog; path = Assets.xcassets; sourceTree = "<group>"; };
		6C05C42D2BCD6EF200667A5F /* Base */ = {isa = PBXFileReference; lastKnownFileType = file.storyboard; name = Base; path = Base.lproj/LaunchScreen.storyboard; sourceTree = "<group>"; };
		6C05C42F2BCD6EF200667A5F /* Info.plist */ = {isa = PBXFileReference; lastKnownFileType = text.plist.xml; path = Info.plist; sourceTree = "<group>"; };
		6C05C4342BCD6EF200667A5F /* SocialLoginComponentTests.xctest */ = {isa = PBXFileReference; explicitFileType = wrapper.cfbundle; includeInIndex = 0; path = SocialLoginComponentTests.xctest; sourceTree = BUILT_PRODUCTS_DIR; };
		6C05C4382BCD6EF200667A5F /* SocialLoginComponentTests.swift */ = {isa = PBXFileReference; lastKnownFileType = sourcecode.swift; path = SocialLoginComponentTests.swift; sourceTree = "<group>"; };
		6C05C43E2BCD6EF200667A5F /* SocialLoginComponentUITests.xctest */ = {isa = PBXFileReference; explicitFileType = wrapper.cfbundle; includeInIndex = 0; path = SocialLoginComponentUITests.xctest; sourceTree = BUILT_PRODUCTS_DIR; };
		6C05C4422BCD6EF200667A5F /* SocialLoginComponentUITests.swift */ = {isa = PBXFileReference; lastKnownFileType = sourcecode.swift; path = SocialLoginComponentUITests.swift; sourceTree = "<group>"; };
		6C05C4442BCD6EF200667A5F /* SocialLoginComponentUITestsLaunchTests.swift */ = {isa = PBXFileReference; lastKnownFileType = sourcecode.swift; path = SocialLoginComponentUITestsLaunchTests.swift; sourceTree = "<group>"; };
/* End PBXFileReference section */

/* Begin PBXFrameworksBuildPhase section */
		6C05C41B2BCD6EF100667A5F /* Frameworks */ = {
			isa = PBXFrameworksBuildPhase;
			buildActionMask = 2147483647;
			files = (
			);
			runOnlyForDeploymentPostprocessing = 0;
		};
		6C05C4312BCD6EF200667A5F /* Frameworks */ = {
			isa = PBXFrameworksBuildPhase;
			buildActionMask = 2147483647;
			files = (
			);
			runOnlyForDeploymentPostprocessing = 0;
		};
		6C05C43B2BCD6EF200667A5F /* Frameworks */ = {
			isa = PBXFrameworksBuildPhase;
			buildActionMask = 2147483647;
			files = (
			);
			runOnlyForDeploymentPostprocessing = 0;
		};
/* End PBXFrameworksBuildPhase section */

/* Begin PBXGroup section */
		6C05C4152BCD6EF100667A5F = {
			isa = PBXGroup;
			children = (
				6C05C4202BCD6EF100667A5F /* SocialLoginComponent */,
				6C05C4372BCD6EF200667A5F /* SocialLoginComponentTests */,
				6C05C4412BCD6EF200667A5F /* SocialLoginComponentUITests */,
				6C05C41F2BCD6EF100667A5F /* Products */,
			);
			sourceTree = "<group>";
		};
		6C05C41F2BCD6EF100667A5F /* Products */ = {
			isa = PBXGroup;
			children = (
				6C05C41E2BCD6EF100667A5F /* SocialLoginComponent.app */,
				6C05C4342BCD6EF200667A5F /* SocialLoginComponentTests.xctest */,
				6C05C43E2BCD6EF200667A5F /* SocialLoginComponentUITests.xctest */,
			);
			name = Products;
			sourceTree = "<group>";
		};
		6C05C4202BCD6EF100667A5F /* SocialLoginComponent */ = {
			isa = PBXGroup;
			children = (
				6C05C4512BCD700A00667A5F /* Application */,
				6C05C4522BCD702E00667A5F /* Controller */,
				6C05C4532BCD704500667A5F /* SupportingFiles */,
			);
			path = SocialLoginComponent;
			sourceTree = "<group>";
		};
		6C05C4372BCD6EF200667A5F /* SocialLoginComponentTests */ = {
			isa = PBXGroup;
			children = (
				6C05C4382BCD6EF200667A5F /* SocialLoginComponentTests.swift */,
			);
			path = SocialLoginComponentTests;
			sourceTree = "<group>";
		};
		6C05C4412BCD6EF200667A5F /* SocialLoginComponentUITests */ = {
			isa = PBXGroup;
			children = (
				6C05C4422BCD6EF200667A5F /* SocialLoginComponentUITests.swift */,
				6C05C4442BCD6EF200667A5F /* SocialLoginComponentUITestsLaunchTests.swift */,
			);
			path = SocialLoginComponentUITests;
			sourceTree = "<group>";
		};
		6C05C4512BCD700A00667A5F /* Application */ = {
			isa = PBXGroup;
			children = (
				6C05C4212BCD6EF100667A5F /* AppDelegate.swift */,
				6C05C4232BCD6EF100667A5F /* SceneDelegate.swift */,
			);
			path = Application;
			sourceTree = "<group>";
		};
		6C05C4522BCD702E00667A5F /* Controller */ = {
			isa = PBXGroup;
			children = (
				6C05C4252BCD6EF100667A5F /* ViewController.swift */,
			);
			path = Controller;
			sourceTree = "<group>";
		};
		6C05C4532BCD704500667A5F /* SupportingFiles */ = {
			isa = PBXGroup;
			children = (
				6C05C42A2BCD6EF200667A5F /* Assets.xcassets */,
				6C05C42C2BCD6EF200667A5F /* LaunchScreen.storyboard */,
				6C05C42F2BCD6EF200667A5F /* Info.plist */,
			);
			path = SupportingFiles;
			sourceTree = "<group>";
		};
/* End PBXGroup section */

/* Begin PBXNativeTarget section */
		6C05C41D2BCD6EF100667A5F /* SocialLoginComponent */ = {
			isa = PBXNativeTarget;
			buildConfigurationList = 6C05C4482BCD6EF200667A5F /* Build configuration list for PBXNativeTarget "SocialLoginComponent" */;
			buildPhases = (
				6C05C41A2BCD6EF100667A5F /* Sources */,
				6C05C41B2BCD6EF100667A5F /* Frameworks */,
				6C05C41C2BCD6EF100667A5F /* Resources */,
			);
			buildRules = (
			);
			dependencies = (
			);
			name = SocialLoginComponent;
			productName = SocialLoginComponent;
			productReference = 6C05C41E2BCD6EF100667A5F /* SocialLoginComponent.app */;
			productType = "com.apple.product-type.application";
		};
		6C05C4332BCD6EF200667A5F /* SocialLoginComponentTests */ = {
			isa = PBXNativeTarget;
			buildConfigurationList = 6C05C44B2BCD6EF200667A5F /* Build configuration list for PBXNativeTarget "SocialLoginComponentTests" */;
			buildPhases = (
				6C05C4302BCD6EF200667A5F /* Sources */,
				6C05C4312BCD6EF200667A5F /* Frameworks */,
				6C05C4322BCD6EF200667A5F /* Resources */,
			);
			buildRules = (
			);
			dependencies = (
				6C05C4362BCD6EF200667A5F /* PBXTargetDependency */,
			);
			name = SocialLoginComponentTests;
			productName = SocialLoginComponentTests;
			productReference = 6C05C4342BCD6EF200667A5F /* SocialLoginComponentTests.xctest */;
			productType = "com.apple.product-type.bundle.unit-test";
		};
		6C05C43D2BCD6EF200667A5F /* SocialLoginComponentUITests */ = {
			isa = PBXNativeTarget;
			buildConfigurationList = 6C05C44E2BCD6EF200667A5F /* Build configuration list for PBXNativeTarget "SocialLoginComponentUITests" */;
			buildPhases = (
				6C05C43A2BCD6EF200667A5F /* Sources */,
				6C05C43B2BCD6EF200667A5F /* Frameworks */,
				6C05C43C2BCD6EF200667A5F /* Resources */,
			);
			buildRules = (
			);
			dependencies = (
				6C05C4402BCD6EF200667A5F /* PBXTargetDependency */,
			);
			name = SocialLoginComponentUITests;
			productName = SocialLoginComponentUITests;
			productReference = 6C05C43E2BCD6EF200667A5F /* SocialLoginComponentUITests.xctest */;
			productType = "com.apple.product-type.bundle.ui-testing";
		};
/* End PBXNativeTarget section */

/* Begin PBXProject section */
		6C05C4162BCD6EF100667A5F /* Project object */ = {
			isa = PBXProject;
			attributes = {
				BuildIndependentTargetsInParallel = 1;
				LastSwiftUpdateCheck = 1530;
				LastUpgradeCheck = 1530;
				TargetAttributes = {
					6C05C41D2BCD6EF100667A5F = {
						CreatedOnToolsVersion = 15.3;
					};
					6C05C4332BCD6EF200667A5F = {
						CreatedOnToolsVersion = 15.3;
						TestTargetID = 6C05C41D2BCD6EF100667A5F;
					};
					6C05C43D2BCD6EF200667A5F = {
						CreatedOnToolsVersion = 15.3;
						TestTargetID = 6C05C41D2BCD6EF100667A5F;
					};
				};
			};
			buildConfigurationList = 6C05C4192BCD6EF100667A5F /* Build configuration list for PBXProject "SocialLoginComponent" */;
			compatibilityVersion = "Xcode 14.0";
			developmentRegion = en;
			hasScannedForEncodings = 0;
			knownRegions = (
				en,
				Base,
			);
			mainGroup = 6C05C4152BCD6EF100667A5F;
			productRefGroup = 6C05C41F2BCD6EF100667A5F /* Products */;
			projectDirPath = "";
			projectRoot = "";
			targets = (
				6C05C41D2BCD6EF100667A5F /* SocialLoginComponent */,
				6C05C4332BCD6EF200667A5F /* SocialLoginComponentTests */,
				6C05C43D2BCD6EF200667A5F /* SocialLoginComponentUITests */,
			);
		};
/* End PBXProject section */

/* Begin PBXResourcesBuildPhase section */
		6C05C41C2BCD6EF100667A5F /* Resources */ = {
			isa = PBXResourcesBuildPhase;
			buildActionMask = 2147483647;
			files = (
				6C05C42B2BCD6EF200667A5F /* Assets.xcassets in Resources */,
				6C05C42E2BCD6EF200667A5F /* Base in Resources */,
			);
			runOnlyForDeploymentPostprocessing = 0;
		};
		6C05C4322BCD6EF200667A5F /* Resources */ = {
			isa = PBXResourcesBuildPhase;
			buildActionMask = 2147483647;
			files = (
			);
			runOnlyForDeploymentPostprocessing = 0;
		};
		6C05C43C2BCD6EF200667A5F /* Resources */ = {
			isa = PBXResourcesBuildPhase;
			buildActionMask = 2147483647;
			files = (
			);
			runOnlyForDeploymentPostprocessing = 0;
		};
/* End PBXResourcesBuildPhase section */

/* Begin PBXSourcesBuildPhase section */
		6C05C41A2BCD6EF100667A5F /* Sources */ = {
			isa = PBXSourcesBuildPhase;
			buildActionMask = 2147483647;
			files = (
				6C05C4262BCD6EF100667A5F /* ViewController.swift in Sources */,
				6C05C4222BCD6EF100667A5F /* AppDelegate.swift in Sources */,
				6C05C4242BCD6EF100667A5F /* SceneDelegate.swift in Sources */,
			);
			runOnlyForDeploymentPostprocessing = 0;
		};
		6C05C4302BCD6EF200667A5F /* Sources */ = {
			isa = PBXSourcesBuildPhase;
			buildActionMask = 2147483647;
			files = (
				6C05C4392BCD6EF200667A5F /* SocialLoginComponentTests.swift in Sources */,
			);
			runOnlyForDeploymentPostprocessing = 0;
		};
		6C05C43A2BCD6EF200667A5F /* Sources */ = {
			isa = PBXSourcesBuildPhase;
			buildActionMask = 2147483647;
			files = (
				6C05C4432BCD6EF200667A5F /* SocialLoginComponentUITests.swift in Sources */,
				6C05C4452BCD6EF200667A5F /* SocialLoginComponentUITestsLaunchTests.swift in Sources */,
			);
			runOnlyForDeploymentPostprocessing = 0;
		};
/* End PBXSourcesBuildPhase section */

/* Begin PBXTargetDependency section */
		6C05C4362BCD6EF200667A5F /* PBXTargetDependency */ = {
			isa = PBXTargetDependency;
			target = 6C05C41D2BCD6EF100667A5F /* SocialLoginComponent */;
			targetProxy = 6C05C4352BCD6EF200667A5F /* PBXContainerItemProxy */;
		};
		6C05C4402BCD6EF200667A5F /* PBXTargetDependency */ = {
			isa = PBXTargetDependency;
			target = 6C05C41D2BCD6EF100667A5F /* SocialLoginComponent */;
			targetProxy = 6C05C43F2BCD6EF200667A5F /* PBXContainerItemProxy */;
		};
/* End PBXTargetDependency section */

/* Begin PBXVariantGroup section */
		6C05C42C2BCD6EF200667A5F /* LaunchScreen.storyboard */ = {
			isa = PBXVariantGroup;
			children = (
				6C05C42D2BCD6EF200667A5F /* Base */,
			);
			name = LaunchScreen.storyboard;
			sourceTree = "<group>";
		};
/* End PBXVariantGroup section */

/* Begin XCBuildConfiguration section */
		6C05C4462BCD6EF200667A5F /* Debug */ = {
			isa = XCBuildConfiguration;
			buildSettings = {
				ALWAYS_SEARCH_USER_PATHS = NO;
				ASSETCATALOG_COMPILER_GENERATE_SWIFT_ASSET_SYMBOL_EXTENSIONS = YES;
				CLANG_ANALYZER_NONNULL = YES;
				CLANG_ANALYZER_NUMBER_OBJECT_CONVERSION = YES_AGGRESSIVE;
				CLANG_CXX_LANGUAGE_STANDARD = "gnu++20";
				CLANG_ENABLE_MODULES = YES;
				CLANG_ENABLE_OBJC_ARC = YES;
				CLANG_ENABLE_OBJC_WEAK = YES;
				CLANG_WARN_BLOCK_CAPTURE_AUTORELEASING = YES;
				CLANG_WARN_BOOL_CONVERSION = YES;
				CLANG_WARN_COMMA = YES;
				CLANG_WARN_CONSTANT_CONVERSION = YES;
				CLANG_WARN_DEPRECATED_OBJC_IMPLEMENTATIONS = YES;
				CLANG_WARN_DIRECT_OBJC_ISA_USAGE = YES_ERROR;
				CLANG_WARN_DOCUMENTATION_COMMENTS = YES;
				CLANG_WARN_EMPTY_BODY = YES;
				CLANG_WARN_ENUM_CONVERSION = YES;
				CLANG_WARN_INFINITE_RECURSION = YES;
				CLANG_WARN_INT_CONVERSION = YES;
				CLANG_WARN_NON_LITERAL_NULL_CONVERSION = YES;
				CLANG_WARN_OBJC_IMPLICIT_RETAIN_SELF = YES;
				CLANG_WARN_OBJC_LITERAL_CONVERSION = YES;
				CLANG_WARN_OBJC_ROOT_CLASS = YES_ERROR;
				CLANG_WARN_QUOTED_INCLUDE_IN_FRAMEWORK_HEADER = YES;
				CLANG_WARN_RANGE_LOOP_ANALYSIS = YES;
				CLANG_WARN_STRICT_PROTOTYPES = YES;
				CLANG_WARN_SUSPICIOUS_MOVE = YES;
				CLANG_WARN_UNGUARDED_AVAILABILITY = YES_AGGRESSIVE;
				CLANG_WARN_UNREACHABLE_CODE = YES;
				CLANG_WARN__DUPLICATE_METHOD_MATCH = YES;
				COPY_PHASE_STRIP = NO;
				DEBUG_INFORMATION_FORMAT = dwarf;
				ENABLE_STRICT_OBJC_MSGSEND = YES;
				ENABLE_TESTABILITY = YES;
				ENABLE_USER_SCRIPT_SANDBOXING = YES;
				GCC_C_LANGUAGE_STANDARD = gnu17;
				GCC_DYNAMIC_NO_PIC = NO;
				GCC_NO_COMMON_BLOCKS = YES;
				GCC_OPTIMIZATION_LEVEL = 0;
				GCC_PREPROCESSOR_DEFINITIONS = (
					"DEBUG=1",
					"$(inherited)",
				);
				GCC_WARN_64_TO_32_BIT_CONVERSION = YES;
				GCC_WARN_ABOUT_RETURN_TYPE = YES_ERROR;
				GCC_WARN_UNDECLARED_SELECTOR = YES;
				GCC_WARN_UNINITIALIZED_AUTOS = YES_AGGRESSIVE;
				GCC_WARN_UNUSED_FUNCTION = YES;
				GCC_WARN_UNUSED_VARIABLE = YES;
				IPHONEOS_DEPLOYMENT_TARGET = 17.4;
				LOCALIZATION_PREFERS_STRING_CATALOGS = YES;
				MTL_ENABLE_DEBUG_INFO = INCLUDE_SOURCE;
				MTL_FAST_MATH = YES;
				ONLY_ACTIVE_ARCH = YES;
				SDKROOT = iphoneos;
				SWIFT_ACTIVE_COMPILATION_CONDITIONS = "DEBUG $(inherited)";
				SWIFT_OPTIMIZATION_LEVEL = "-Onone";
			};
			name = Debug;
		};
		6C05C4472BCD6EF200667A5F /* Release */ = {
			isa = XCBuildConfiguration;
			buildSettings = {
				ALWAYS_SEARCH_USER_PATHS = NO;
				ASSETCATALOG_COMPILER_GENERATE_SWIFT_ASSET_SYMBOL_EXTENSIONS = YES;
				CLANG_ANALYZER_NONNULL = YES;
				CLANG_ANALYZER_NUMBER_OBJECT_CONVERSION = YES_AGGRESSIVE;
				CLANG_CXX_LANGUAGE_STANDARD = "gnu++20";
				CLANG_ENABLE_MODULES = YES;
				CLANG_ENABLE_OBJC_ARC = YES;
				CLANG_ENABLE_OBJC_WEAK = YES;
				CLANG_WARN_BLOCK_CAPTURE_AUTORELEASING = YES;
				CLANG_WARN_BOOL_CONVERSION = YES;
				CLANG_WARN_COMMA = YES;
				CLANG_WARN_CONSTANT_CONVERSION = YES;
				CLANG_WARN_DEPRECATED_OBJC_IMPLEMENTATIONS = YES;
				CLANG_WARN_DIRECT_OBJC_ISA_USAGE = YES_ERROR;
				CLANG_WARN_DOCUMENTATION_COMMENTS = YES;
				CLANG_WARN_EMPTY_BODY = YES;
				CLANG_WARN_ENUM_CONVERSION = YES;
				CLANG_WARN_INFINITE_RECURSION = YES;
				CLANG_WARN_INT_CONVERSION = YES;
				CLANG_WARN_NON_LITERAL_NULL_CONVERSION = YES;
				CLANG_WARN_OBJC_IMPLICIT_RETAIN_SELF = YES;
				CLANG_WARN_OBJC_LITERAL_CONVERSION = YES;
				CLANG_WARN_OBJC_ROOT_CLASS = YES_ERROR;
				CLANG_WARN_QUOTED_INCLUDE_IN_FRAMEWORK_HEADER = YES;
				CLANG_WARN_RANGE_LOOP_ANALYSIS = YES;
				CLANG_WARN_STRICT_PROTOTYPES = YES;
				CLANG_WARN_SUSPICIOUS_MOVE = YES;
				CLANG_WARN_UNGUARDED_AVAILABILITY = YES_AGGRESSIVE;
				CLANG_WARN_UNREACHABLE_CODE = YES;
				CLANG_WARN__DUPLICATE_METHOD_MATCH = YES;
				COPY_PHASE_STRIP = NO;
				DEBUG_INFORMATION_FORMAT = "dwarf-with-dsym";
				ENABLE_NS_ASSERTIONS = NO;
				ENABLE_STRICT_OBJC_MSGSEND = YES;
				ENABLE_USER_SCRIPT_SANDBOXING = YES;
				GCC_C_LANGUAGE_STANDARD = gnu17;
				GCC_NO_COMMON_BLOCKS = YES;
				GCC_WARN_64_TO_32_BIT_CONVERSION = YES;
				GCC_WARN_ABOUT_RETURN_TYPE = YES_ERROR;
				GCC_WARN_UNDECLARED_SELECTOR = YES;
				GCC_WARN_UNINITIALIZED_AUTOS = YES_AGGRESSIVE;
				GCC_WARN_UNUSED_FUNCTION = YES;
				GCC_WARN_UNUSED_VARIABLE = YES;
				IPHONEOS_DEPLOYMENT_TARGET = 17.4;
				LOCALIZATION_PREFERS_STRING_CATALOGS = YES;
				MTL_ENABLE_DEBUG_INFO = NO;
				MTL_FAST_MATH = YES;
				SDKROOT = iphoneos;
				SWIFT_COMPILATION_MODE = wholemodule;
				VALIDATE_PRODUCT = YES;
			};
			name = Release;
		};
		6C05C4492BCD6EF200667A5F /* Debug */ = {
			isa = XCBuildConfiguration;
			buildSettings = {
				ASSETCATALOG_COMPILER_APPICON_NAME = AppIcon;
				ASSETCATALOG_COMPILER_GLOBAL_ACCENT_COLOR_NAME = AccentColor;
				CODE_SIGN_STYLE = Manual;
				CURRENT_PROJECT_VERSION = 1;
				DEVELOPMENT_TEAM = "";
				GENERATE_INFOPLIST_FILE = YES;
				INFOPLIST_FILE = SocialLoginComponent/SupportingFiles/Info.plist;
				INFOPLIST_KEY_UIApplicationSupportsIndirectInputEvents = YES;
				INFOPLIST_KEY_UILaunchStoryboardName = LaunchScreen;
				INFOPLIST_KEY_UIMainStoryboardFile = "";
				INFOPLIST_KEY_UISupportedInterfaceOrientations_iPad = "UIInterfaceOrientationPortrait UIInterfaceOrientationPortraitUpsideDown UIInterfaceOrientationLandscapeLeft UIInterfaceOrientationLandscapeRight";
				INFOPLIST_KEY_UISupportedInterfaceOrientations_iPhone = "UIInterfaceOrientationPortrait UIInterfaceOrientationLandscapeLeft UIInterfaceOrientationLandscapeRight";
				LD_RUNPATH_SEARCH_PATHS = (
					"$(inherited)",
					"@executable_path/Frameworks",
				);
				MARKETING_VERSION = 1.0;
				PRODUCT_BUNDLE_IDENTIFIER = com.SocialLoginComponent;
				PRODUCT_NAME = "$(TARGET_NAME)";
				PROVISIONING_PROFILE_SPECIFIER = "";
				SWIFT_EMIT_LOC_STRINGS = YES;
				SWIFT_VERSION = 5.0;
				TARGETED_DEVICE_FAMILY = "1,2";
			};
			name = Debug;
		};
		6C05C44A2BCD6EF200667A5F /* Release */ = {
			isa = XCBuildConfiguration;
			buildSettings = {
				ASSETCATALOG_COMPILER_APPICON_NAME = AppIcon;
				ASSETCATALOG_COMPILER_GLOBAL_ACCENT_COLOR_NAME = AccentColor;
				CODE_SIGN_STYLE = Manual;
				CURRENT_PROJECT_VERSION = 1;
				DEVELOPMENT_TEAM = "";
				GENERATE_INFOPLIST_FILE = YES;
				INFOPLIST_FILE = SocialLoginComponent/SupportingFiles/Info.plist;
				INFOPLIST_KEY_UIApplicationSupportsIndirectInputEvents = YES;
				INFOPLIST_KEY_UILaunchStoryboardName = LaunchScreen;
				INFOPLIST_KEY_UIMainStoryboardFile = "";
				INFOPLIST_KEY_UISupportedInterfaceOrientations_iPad = "UIInterfaceOrientationPortrait UIInterfaceOrientationPortraitUpsideDown UIInterfaceOrientationLandscapeLeft UIInterfaceOrientationLandscapeRight";
				INFOPLIST_KEY_UISupportedInterfaceOrientations_iPhone = "UIInterfaceOrientationPortrait UIInterfaceOrientationLandscapeLeft UIInterfaceOrientationLandscapeRight";
				LD_RUNPATH_SEARCH_PATHS = (
					"$(inherited)",
					"@executable_path/Frameworks",
				);
				MARKETING_VERSION = 1.0;
				PRODUCT_BUNDLE_IDENTIFIER = com.SocialLoginComponent;
				PRODUCT_NAME = "$(TARGET_NAME)";
				PROVISIONING_PROFILE_SPECIFIER = "";
				SWIFT_EMIT_LOC_STRINGS = YES;
				SWIFT_VERSION = 5.0;
				TARGETED_DEVICE_FAMILY = "1,2";
			};
			name = Release;
		};
		6C05C44C2BCD6EF200667A5F /* Debug */ = {
			isa = XCBuildConfiguration;
			buildSettings = {
				ALWAYS_EMBED_SWIFT_STANDARD_LIBRARIES = YES;
				BUNDLE_LOADER = "$(TEST_HOST)";
				CODE_SIGN_STYLE = Automatic;
				CURRENT_PROJECT_VERSION = 1;
				GENERATE_INFOPLIST_FILE = YES;
				IPHONEOS_DEPLOYMENT_TARGET = 17.4;
				MARKETING_VERSION = 1.0;
				PRODUCT_BUNDLE_IDENTIFIER = com.SocialLoginComponentTests;
				PRODUCT_NAME = "$(TARGET_NAME)";
				SWIFT_EMIT_LOC_STRINGS = NO;
				SWIFT_VERSION = 5.0;
				TARGETED_DEVICE_FAMILY = "1,2";
				TEST_HOST = "$(BUILT_PRODUCTS_DIR)/SocialLoginComponent.app/$(BUNDLE_EXECUTABLE_FOLDER_PATH)/SocialLoginComponent";
			};
			name = Debug;
		};
		6C05C44D2BCD6EF200667A5F /* Release */ = {
			isa = XCBuildConfiguration;
			buildSettings = {
				ALWAYS_EMBED_SWIFT_STANDARD_LIBRARIES = YES;
				BUNDLE_LOADER = "$(TEST_HOST)";
				CODE_SIGN_STYLE = Automatic;
				CURRENT_PROJECT_VERSION = 1;
				GENERATE_INFOPLIST_FILE = YES;
				IPHONEOS_DEPLOYMENT_TARGET = 17.4;
				MARKETING_VERSION = 1.0;
				PRODUCT_BUNDLE_IDENTIFIER = com.SocialLoginComponentTests;
				PRODUCT_NAME = "$(TARGET_NAME)";
				SWIFT_EMIT_LOC_STRINGS = NO;
				SWIFT_VERSION = 5.0;
				TARGETED_DEVICE_FAMILY = "1,2";
				TEST_HOST = "$(BUILT_PRODUCTS_DIR)/SocialLoginComponent.app/$(BUNDLE_EXECUTABLE_FOLDER_PATH)/SocialLoginComponent";
			};
			name = Release;
		};
		6C05C44F2BCD6EF200667A5F /* Debug */ = {
			isa = XCBuildConfiguration;
			buildSettings = {
				ALWAYS_EMBED_SWIFT_STANDARD_LIBRARIES = YES;
				CODE_SIGN_STYLE = Automatic;
				CURRENT_PROJECT_VERSION = 1;
				GENERATE_INFOPLIST_FILE = YES;
				MARKETING_VERSION = 1.0;
				PRODUCT_BUNDLE_IDENTIFIER = com.SocialLoginComponentUITests;
				PRODUCT_NAME = "$(TARGET_NAME)";
				SWIFT_EMIT_LOC_STRINGS = NO;
				SWIFT_VERSION = 5.0;
				TARGETED_DEVICE_FAMILY = "1,2";
				TEST_TARGET_NAME = SocialLoginComponent;
			};
			name = Debug;
		};
		6C05C4502BCD6EF200667A5F /* Release */ = {
			isa = XCBuildConfiguration;
			buildSettings = {
				ALWAYS_EMBED_SWIFT_STANDARD_LIBRARIES = YES;
				CODE_SIGN_STYLE = Automatic;
				CURRENT_PROJECT_VERSION = 1;
				GENERATE_INFOPLIST_FILE = YES;
				MARKETING_VERSION = 1.0;
				PRODUCT_BUNDLE_IDENTIFIER = com.SocialLoginComponentUITests;
				PRODUCT_NAME = "$(TARGET_NAME)";
				SWIFT_EMIT_LOC_STRINGS = NO;
				SWIFT_VERSION = 5.0;
				TARGETED_DEVICE_FAMILY = "1,2";
				TEST_TARGET_NAME = SocialLoginComponent;
			};
			name = Release;
		};
/* End XCBuildConfiguration section */

/* Begin XCConfigurationList section */
		6C05C4192BCD6EF100667A5F /* Build configuration list for PBXProject "SocialLoginComponent" */ = {
			isa = XCConfigurationList;
			buildConfigurations = (
				6C05C4462BCD6EF200667A5F /* Debug */,
				6C05C4472BCD6EF200667A5F /* Release */,
			);
			defaultConfigurationIsVisible = 0;
			defaultConfigurationName = Release;
		};
		6C05C4482BCD6EF200667A5F /* Build configuration list for PBXNativeTarget "SocialLoginComponent" */ = {
			isa = XCConfigurationList;
			buildConfigurations = (
				6C05C4492BCD6EF200667A5F /* Debug */,
				6C05C44A2BCD6EF200667A5F /* Release */,
			);
			defaultConfigurationIsVisible = 0;
			defaultConfigurationName = Release;
		};
		6C05C44B2BCD6EF200667A5F /* Build configuration list for PBXNativeTarget "SocialLoginComponentTests" */ = {
			isa = XCConfigurationList;
			buildConfigurations = (
				6C05C44C2BCD6EF200667A5F /* Debug */,
				6C05C44D2BCD6EF200667A5F /* Release */,
			);
			defaultConfigurationIsVisible = 0;
			defaultConfigurationName = Release;
		};
		6C05C44E2BCD6EF200667A5F /* Build configuration list for PBXNativeTarget "SocialLoginComponentUITests" */ = {
			isa = XCConfigurationList;
			buildConfigurations = (
				6C05C44F2BCD6EF200667A5F /* Debug */,
				6C05C4502BCD6EF200667A5F /* Release */,
			);
			defaultConfigurationIsVisible = 0;
			defaultConfigurationName = Release;
		};
/* End XCConfigurationList section */
	};
	rootObject = 6C05C4162BCD6EF100667A5F /* Project object */;
}
